// !$*UTF8*$!
{
	archiveVersion = 1;
	classes = {
	};
	objectVersion = 46;
	objects = {

/* Begin PBXBuildFile section */
		E058CCC21E60002C006F0E71 /* main.m in Sources */ = {isa = PBXBuildFile; fileRef = E058CCC11E60002C006F0E71 /* main.m */; };
		E058CCC51E60002C006F0E71 /* AppDelegate.m in Sources */ = {isa = PBXBuildFile; fileRef = E058CCC41E60002C006F0E71 /* AppDelegate.m */; };
		E058CCC81E60002C006F0E71 /* ViewController.m in Sources */ = {isa = PBXBuildFile; fileRef = E058CCC71E60002C006F0E71 /* ViewController.m */; };
		E058CCCB1E60002C006F0E71 /* Main.storyboard in Resources */ = {isa = PBXBuildFile; fileRef = E058CCC91E60002C006F0E71 /* Main.storyboard */; };
		E058CCCD1E60002C006F0E71 /* Assets.xcassets in Resources */ = {isa = PBXBuildFile; fileRef = E058CCCC1E60002C006F0E71 /* Assets.xcassets */; };
		E058CCD01E60002C006F0E71 /* LaunchScreen.storyboard in Resources */ = {isa = PBXBuildFile; fileRef = E058CCCE1E60002C006F0E71 /* LaunchScreen.storyboard */; };
/* End PBXBuildFile section */

/* Begin PBXFileReference section */
		E058CCBD1E60002C006F0E71 /* TTObject.app */ = {isa = PBXFileReference; explicitFileType = wrapper.application; includeInIndex = 0; path = TTObject.app; sourceTree = BUILT_PRODUCTS_DIR; };
		E058CCC11E60002C006F0E71 /* main.m */ = {isa = PBXFileReference; lastKnownFileType = sourcecode.c.objc; path = main.m; sourceTree = "<group>"; };
		E058CCC31E60002C006F0E71 /* AppDelegate.h */ = {isa = PBXFileReference; lastKnownFileType = sourcecode.c.h; path = AppDelegate.h; sourceTree = "<group>"; };
		E058CCC41E60002C006F0E71 /* AppDelegate.m */ = {isa = PBXFileReference; lastKnownFileType = sourcecode.c.objc; path = AppDelegate.m; sourceTree = "<group>"; };
		E058CCC61E60002C006F0E71 /* ViewController.h */ = {isa = PBXFileReference; lastKnownFileType = sourcecode.c.h; path = ViewController.h; sourceTree = "<group>"; };
		E058CCC71E60002C006F0E71 /* ViewController.m */ = {isa = PBXFileReference; lastKnownFileType = sourcecode.c.objc; path = ViewController.m; sourceTree = "<group>"; };
		E058CCCA1E60002C006F0E71 /* Base */ = {isa = PBXFileReference; lastKnownFileType = file.storyboard; name = Base; path = Base.lproj/Main.storyboard; sourceTree = "<group>"; };
		E058CCCC1E60002C006F0E71 /* Assets.xcassets */ = {isa = PBXFileReference; lastKnownFileType = folder.assetcatalog; path = Assets.xcassets; sourceTree = "<group>"; };
		E058CCCF1E60002C006F0E71 /* Base */ = {isa = PBXFileReference; lastKnownFileType = file.storyboard; name = Base; path = Base.lproj/LaunchScreen.storyboard; sourceTree = "<group>"; };
		E058CCD11E60002C006F0E71 /* Info.plist */ = {isa = PBXFileReference; lastKnownFileType = text.plist.xml; path = Info.plist; sourceTree = "<group>"; };
/* End PBXFileReference section */

/* Begin PBXFrameworksBuildPhase section */
		E058CCBA1E60002C006F0E71 /* Frameworks */ = {
			isa = PBXFrameworksBuildPhase;
			buildActionMask = 2147483647;
			files = (
			);
			runOnlyForDeploymentPostprocessing = 0;
		};
/* End PBXFrameworksBuildPhase section */

/* Begin PBXGroup section */
		E058CCB41E60002C006F0E71 = {
			isa = PBXGroup;
			children = (
				E058CCBF1E60002C006F0E71 /* TTObject */,
				E058CCBE1E60002C006F0E71 /* Products */,
			);
			sourceTree = "<group>";
		};
		E058CCBE1E60002C006F0E71 /* Products */ = {
			isa = PBXGroup;
			children = (
				E058CCBD1E60002C006F0E71 /* TTObject.app */,
			);
			name = Products;
			sourceTree = "<group>";
		};
		E058CCBF1E60002C006F0E71 /* TTObject */ = {
			isa = PBXGroup;
			children = (
				E058CCC31E60002C006F0E71 /* AppDelegate.h */,
				E058CCC41E60002C006F0E71 /* AppDelegate.m */,
				E058CCC61E60002C006F0E71 /* ViewController.h */,
				E058CCC71E60002C006F0E71 /* ViewController.m */,
				E058CCC91E60002C006F0E71 /* Main.storyboard */,
				E058CCCC1E60002C006F0E71 /* Assets.xcassets */,
				E058CCCE1E60002C006F0E71 /* LaunchScreen.storyboard */,
				E058CCD11E60002C006F0E71 /* Info.plist */,
				E058CCC01E60002C006F0E71 /* Supporting Files */,
			);
			path = TTObject;
			sourceTree = "<group>";
		};
		E058CCC01E60002C006F0E71 /* Supporting Files */ = {
			isa = PBXGroup;
			children = (
				E058CCC11E60002C006F0E71 /* main.m */,
			);
			name = "Supporting Files";
			sourceTree = "<group>";
		};
/* End PBXGroup section */

/* Begin PBXNativeTarget section */
		E058CCBC1E60002C006F0E71 /* TTObject */ = {
			isa = PBXNativeTarget;
			buildConfigurationList = E058CCD41E60002C006F0E71 /* Build configuration list for PBXNativeTarget "TTObject" */;
			buildPhases = (
				E058CCB91E60002C006F0E71 /* Sources */,
				E058CCBA1E60002C006F0E71 /* Frameworks */,
				E058CCBB1E60002C006F0E71 /* Resources */,
			);
			buildRules = (
			);
			dependencies = (
			);
			name = TTObject;
			productName = TTObject;
			productReference = E058CCBD1E60002C006F0E71 /* TTObject.app */;
			productType = "com.apple.product-type.application";
		};
/* End PBXNativeTarget section */

/* Begin PBXProject section */
		E058CCB51E60002C006F0E71 /* Project object */ = {
			isa = PBXProject;
			attributes = {
				LastUpgradeCheck = 0820;
				ORGANIZATIONNAME = TTObject;
				TargetAttributes = {
					E058CCBC1E60002C006F0E71 = {
						CreatedOnToolsVersion = 8.2.1;
						ProvisioningStyle = Automatic;
					};
				};
			};
			buildConfigurationList = E058CCB81E60002C006F0E71 /* Build configuration list for PBXProject "TTObject" */;
			compatibilityVersion = "Xcode 3.2";
			developmentRegion = English;
			hasScannedForEncodings = 0;
			knownRegions = (
				en,
				Base,
			);
			mainGroup = E058CCB41E60002C006F0E71;
			productRefGroup = E058CCBE1E60002C006F0E71 /* Products */;
			projectDirPath = "";
			projectRoot = "";
			targets = (
				E058CCBC1E60002C006F0E71 /* TTObject */,
			);
		};
/* End PBXProject section */

/* Begin PBXResourcesBuildPhase section */
		E058CCBB1E60002C006F0E71 /* Resources */ = {
			isa = PBXResourcesBuildPhase;
			buildActionMask = 2147483647;
			files = (
				E058CCD01E60002C006F0E71 /* LaunchScreen.storyboard in Resources */,
				E058CCCD1E60002C006F0E71 /* Assets.xcassets in Resources */,
				E058CCCB1E60002C006F0E71 /* Main.storyboard in Resources */,
			);
			runOnlyForDeploymentPostprocessing = 0;
		};
/* End PBXResourcesBuildPhase section */

/* Begin PBXSourcesBuildPhase section */
		E058CCB91E60002C006F0E71 /* Sources */ = {
			isa = PBXSourcesBuildPhase;
			buildActionMask = 2147483647;
			files = (
				E058CCC81E60002C006F0E71 /* ViewController.m in Sources */,
				E058CCC51E60002C006F0E71 /* AppDelegate.m in Sources */,
				E058CCC21E60002C006F0E71 /* main.m in Sources */,
			);
			runOnlyForDeploymentPostprocessing = 0;
		};
/* End PBXSourcesBuildPhase section */

/* Begin PBXVariantGroup section */
		E058CCC91E60002C006F0E71 /* Main.storyboard */ = {
			isa = PBXVariantGroup;
			children = (
				E058CCCA1E60002C006F0E71 /* Base */,
			);
			name = Main.storyboard;
			sourceTree = "<group>";
		};
		E058CCCE1E60002C006F0E71 /* LaunchScreen.storyboard */ = {
			isa = PBXVariantGroup;
			children = (
				E058CCCF1E60002C006F0E71 /* Base */,
			);
			name = LaunchScreen.storyboard;
			sourceTree = "<group>";
		};
/* End PBXVariantGroup section */

/* Begin XCBuildConfiguration section */
		E058CCD21E60002C006F0E71 /* Debug */ = {
			isa = XCBuildConfiguration;
			buildSettings = {
				ALWAYS_SEARCH_USER_PATHS = NO;
				CLANG_ANALYZER_NONNULL = YES;
				CLANG_CXX_LANGUAGE_STANDARD = "gnu++0x";
				CLANG_CXX_LIBRARY = "libc++";
				CLANG_ENABLE_MODULES = YES;
				CLANG_ENABLE_OBJC_ARC = YES;
				CLANG_WARN_BOOL_CONVERSION = YES;
				CLANG_WARN_CONSTANT_CONVERSION = YES;
				CLANG_WARN_DIRECT_OBJC_ISA_USAGE = YES_ERROR;
				CLANG_WARN_DOCUMENTATION_COMMENTS = YES;
				CLANG_WARN_EMPTY_BODY = YES;
				CLANG_WARN_ENUM_CONVERSION = YES;
				CLANG_WARN_INFINITE_RECURSION = YES;
				CLANG_WARN_INT_CONVERSION = YES;
				CLANG_WARN_OBJC_ROOT_CLASS = YES_ERROR;
				CLANG_WARN_SUSPICIOUS_MOVE = YES;
				CLANG_WARN_UNREACHABLE_CODE = YES;
				CLANG_WARN__DUPLICATE_METHOD_MATCH = YES;
				"CODE_SIGN_IDENTITY[sdk=iphoneos*]" = "iPhone Developer";
				COPY_PHASE_STRIP = NO;
				DEBUG_INFORMATION_FORMAT = dwarf;
				ENABLE_STRICT_OBJC_MSGSEND = YES;
				ENABLE_TESTABILITY = YES;
				GCC_C_LANGUAGE_STANDARD = gnu99;
				GCC_DYNAMIC_NO_PIC = NO;
				GCC_NO_COMMON_BLOCKS = YES;
				GCC_OPTIMIZATION_LEVEL = 0;
				GCC_PREPROCESSOR_DEFINITIONS = (
					"DEBUG=1",
					"$(inherited)",
				);
				GCC_WARN_64_TO_32_BIT_CONVERSION = YES;
				GCC_WARN_ABOUT_RETURN_TYPE = YES_ERROR;
				GCC_WARN_UNDECLARED_SELECTOR = YES;
				GCC_WARN_UNINITIALIZED_AUTOS = YES_AGGRESSIVE;
				GCC_WARN_UNUSED_FUNCTION = YES;
				GCC_WARN_UNUSED_VARIABLE = YES;
				IPHONEOS_DEPLOYMENT_TARGET = 10.2;
				MTL_ENABLE_DEBUG_INFO = YES;
				ONLY_ACTIVE_ARCH = YES;
				SDKROOT = iphoneos;
			};
			name = Debug;
		};
		E058CCD31E60002C006F0E71 /* Release */ = {
			isa = XCBuildConfiguration;
			buildSettings = {
				ALWAYS_SEARCH_USER_PATHS = NO;
				CLANG_ANALYZER_NONNULL = YES;
				CLANG_CXX_LANGUAGE_STANDARD = "gnu++0x";
				CLANG_CXX_LIBRARY = "libc++";
				CLANG_ENABLE_MODULES = YES;
				CLANG_ENABLE_OBJC_ARC = YES;
				CLANG_WARN_BOOL_CONVERSION = YES;
				CLANG_WARN_CONSTANT_CONVERSION = YES;
				CLANG_WARN_DIRECT_OBJC_ISA_USAGE = YES_ERROR;
				CLANG_WARN_DOCUMENTATION_COMMENTS = YES;
				CLANG_WARN_EMPTY_BODY = YES;
				CLANG_WARN_ENUM_CONVERSION = YES;
				CLANG_WARN_INFINITE_RECURSION = YES;
				CLANG_WARN_INT_CONVERSION = YES;
				CLANG_WARN_OBJC_ROOT_CLASS = YES_ERROR;
				CLANG_WARN_SUSPICIOUS_MOVE = YES;
				CLANG_WARN_UNREACHABLE_CODE = YES;
				CLANG_WARN__DUPLICATE_METHOD_MATCH = YES;
				"CODE_SIGN_IDENTITY[sdk=iphoneos*]" = "iPhone Developer";
				COPY_PHASE_STRIP = NO;
				DEBUG_INFORMATION_FORMAT = "dwarf-with-dsym";
				ENABLE_NS_ASSERTIONS = NO;
				ENABLE_STRICT_OBJC_MSGSEND = YES;
				GCC_C_LANGUAGE_STANDARD = gnu99;
				GCC_NO_COMMON_BLOCKS = YES;
				GCC_WARN_64_TO_32_BIT_CONVERSION = YES;
				GCC_WARN_ABOUT_RETURN_TYPE = YES_ERROR;
				GCC_WARN_UNDECLARED_SELECTOR = YES;
				GCC_WARN_UNINITIALIZED_AUTOS = YES_AGGRESSIVE;
				GCC_WARN_UNUSED_FUNCTION = YES;
				GCC_WARN_UNUSED_VARIABLE = YES;
				IPHONEOS_DEPLOYMENT_TARGET = 10.2;
				MTL_ENABLE_DEBUG_INFO = NO;
				SDKROOT = iphoneos;
				VALIDATE_PRODUCT = YES;
			};
			name = Release;
		};
		E058CCD51E60002C006F0E71 /* Debug */ = {
			isa = XCBuildConfiguration;
			buildSettings = {
				ASSETCATALOG_COMPILER_APPICON_NAME = AppIcon;
				INFOPLIST_FILE = TTObject/Info.plist;
				LD_RUNPATH_SEARCH_PATHS = "$(inherited) @executable_path/Frameworks";
				PRODUCT_BUNDLE_IDENTIFIER = TTObject.TTObject;
				PRODUCT_NAME = "$(TARGET_NAME)";
			};
			name = Debug;
		};
		E058CCD61E60002C006F0E71 /* Release */ = {
			isa = XCBuildConfiguration;
			buildSettings = {
				ASSETCATALOG_COMPILER_APPICON_NAME = AppIcon;
				INFOPLIST_FILE = TTObject/Info.plist;
				LD_RUNPATH_SEARCH_PATHS = "$(inherited) @executable_path/Frameworks";
				PRODUCT_BUNDLE_IDENTIFIER = TTObject.TTObject;
				PRODUCT_NAME = "$(TARGET_NAME)";
			};
			name = Release;
		};
/* End XCBuildConfiguration section */

/* Begin XCConfigurationList section */
		E058CCB81E60002C006F0E71 /* Build configuration list for PBXProject "TTObject" */ = {
			isa = XCConfigurationList;
			buildConfigurations = (
				E058CCD21E60002C006F0E71 /* Debug */,
				E058CCD31E60002C006F0E71 /* Release */,
			);
			defaultConfigurationIsVisible = 0;
			defaultConfigurationName = Release;
		};
		E058CCD41E60002C006F0E71 /* Build configuration list for PBXNativeTarget "TTObject" */ = {
			isa = XCConfigurationList;
			buildConfigurations = (
				E058CCD51E60002C006F0E71 /* Debug */,
				E058CCD61E60002C006F0E71 /* Release */,
			);
			defaultConfigurationIsVisible = 0;
		};
/* End XCConfigurationList section */
	};
	rootObject = E058CCB51E60002C006F0E71 /* Project object */;
}
